
Microsoft Visual Studio Solution File, Format Version 12.00
# Visual Studio Version 16
VisualStudioVersion = 16.0.31424.327
MinimumVisualStudioVersion = 10.0.40219.1
Project("{FAE04EC0-301F-11D3-BF4B-00C04F79EFBC}") = "CV19", "CV19\CV19.csproj", "{6DA549EB-C5CC-4BF6-B4DD-66DDF6A49CBB}"
EndProject
Project("{2150E333-8FDC-42A3-9474-1A3956D46DE8}") = "Tests", "Tests", "{5B392295-E239-4E91-A18C-B04C0EA38D63}"
EndProject
Project("{FAE04EC0-301F-11D3-BF4B-00C04F79EFBC}") = "CV19Console", "Tests\CV19Console\CV19Console.csproj", "{611916D0-8608-4962-BED5-0AF79D900BDF}"
EndProject
Project("{FAE04EC0-301F-11D3-BF4B-00C04F79EFBC}") = "CV19WPFTest", "Tests\CV19WPFTest\CV19WPFTest.csproj", "{0FED24BA-D764-4E22-84CF-4AE7A858408D}"
EndProject
Global
	GlobalSection(SolutionConfigurationPlatforms) = preSolution
		Debug|Any CPU = Debug|Any CPU
		Release|Any CPU = Release|Any CPU
	EndGlobalSection
	GlobalSection(ProjectConfigurationPlatforms) = postSolution
		{6DA549EB-C5CC-4BF6-B4DD-66DDF6A49CBB}.Debug|Any CPU.ActiveCfg = Debug|Any CPU
		{6DA549EB-C5CC-4BF6-B4DD-66DDF6A49CBB}.Debug|Any CPU.Build.0 = Debug|Any CPU
		{6DA549EB-C5CC-4BF6-B4DD-66DDF6A49CBB}.Release|Any CPU.ActiveCfg = Release|Any CPU
		{6DA549EB-C5CC-4BF6-B4DD-66DDF6A49CBB}.Release|Any CPU.Build.0 = Release|Any CPU
		{611916D0-8608-4962-BED5-0AF79D900BDF}.Debug|Any CPU.ActiveCfg = Debug|Any CPU
		{611916D0-8608-4962-BED5-0AF79D900BDF}.Debug|Any CPU.Build.0 = Debug|Any CPU
		{611916D0-8608-4962-BED5-0AF79D900BDF}.Release|Any CPU.ActiveCfg = Release|Any CPU
		{611916D0-8608-4962-BED5-0AF79D900BDF}.Release|Any CPU.Build.0 = Release|Any CPU
		{0FED24BA-D764-4E22-84CF-4AE7A858408D}.Debug|Any CPU.ActiveCfg = Debug|Any CPU
		{0FED24BA-D764-4E22-84CF-4AE7A858408D}.Debug|Any CPU.Build.0 = Debug|Any CPU
		{0FED24BA-D764-4E22-84CF-4AE7A858408D}.Release|Any CPU.ActiveCfg = Release|Any CPU
		{0FED24BA-D764-4E22-84CF-4AE7A858408D}.Release|Any CPU.Build.0 = Release|Any CPU
	EndGlobalSection
	GlobalSection(SolutionProperties) = preSolution
		HideSolutionNode = FALSE
	EndGlobalSection
	GlobalSection(NestedProjects) = preSolution
		{611916D0-8608-4962-BED5-0AF79D900BDF} = {5B392295-E239-4E91-A18C-B04C0EA38D63}
		{0FED24BA-D764-4E22-84CF-4AE7A858408D} = {5B392295-E239-4E91-A18C-B04C0EA38D63}
	EndGlobalSection
	GlobalSection(ExtensibilityGlobals) = postSolution
		SolutionGuid = {B7B86C51-3E73-471B-A3DB-0F065301D18E}
	EndGlobalSection
EndGlobal
